# THIS IS AN AUTOGENERATED FILE. DO NOT EDIT THIS FILE DIRECTLY.
# yarn lockfile v1


pnpm@^6.4.0:
  version "6.14.5"
  resolved "https://registry.yarnpkg.com/pnpm/-/pnpm-6.14.5.tgz#fc5ba22e179ea6d6f63a22f44afe5ae873f84f40"
  integrity sha512-+N1B+Bj2JKZJ1GDJS141OgnDmwxAavHi/ecU3IIl0QunPSVBXxd51DbVizCw/mPwIB3UmeT474Fyz8o3Xj9sXA==

prettier@^2.3.0:
  version "2.3.2"
  resolved "https://registry.yarnpkg.com/prettier/-/prettier-2.3.2.tgz#ef280a05ec253712e486233db5c6f23441e7342d"
  integrity sha512-lnJzDfJ66zkMy58OL5/NY5zp70S7Nz6KqcKkXYzn2tMVrNxvbqaBpg7H3qHaLxCJ5lNMsGuM8+ohS7cZrthdLQ==
